// !$*UTF8*$!
{
	archiveVersion = 1;
	classes = {
	};
	objectVersion = 56;
	objects = {

/* Begin PBXBuildFile section */
		6A2FB83F28F9A3CA00F68B3C /* SF-Pro.ttf in Resources */ = {isa = PBXBuildFile; fileRef = 6A2FB83E28F9A3CA00F68B3C /* SF-Pro.ttf */; };
		6A2FB84128F9A52700F68B3C /* README.md in Resources */ = {isa = PBXBuildFile; fileRef = 6A2FB84028F9A52700F68B3C /* README.md */; };
		6A8FAB5C28F97B2300BFDCF4 /* UILabel+Ext.swift in Sources */ = {isa = PBXBuildFile; fileRef = 6A8FAB5B28F97B2300BFDCF4 /* UILabel+Ext.swift */; };
		6A8FAB5F28F97D1500BFDCF4 /* Inter-VariableFont_slnt,wght.ttf in Resources */ = {isa = PBXBuildFile; fileRef = 6A8FAB5E28F97D1500BFDCF4 /* Inter-VariableFont_slnt,wght.ttf */; };
		6A8FAB6128F97F5600BFDCF4 /* UIFont+Ext.swift in Sources */ = {isa = PBXBuildFile; fileRef = 6A8FAB6028F97F5600BFDCF4 /* UIFont+Ext.swift */; };
		6AD053D328F8631900F6FA93 /* AppDelegate.swift in Sources */ = {isa = PBXBuildFile; fileRef = 6AD053D228F8631900F6FA93 /* AppDelegate.swift */; };
		6AD053D528F8631900F6FA93 /* SceneDelegate.swift in Sources */ = {isa = PBXBuildFile; fileRef = 6AD053D428F8631900F6FA93 /* SceneDelegate.swift */; };
		6AD053D728F8631900F6FA93 /* ViewController.swift in Sources */ = {isa = PBXBuildFile; fileRef = 6AD053D628F8631900F6FA93 /* ViewController.swift */; };
		6AD053DC28F8631A00F6FA93 /* Assets.xcassets in Resources */ = {isa = PBXBuildFile; fileRef = 6AD053DB28F8631A00F6FA93 /* Assets.xcassets */; };
		6AD053DF28F8631A00F6FA93 /* LaunchScreen.storyboard in Resources */ = {isa = PBXBuildFile; fileRef = 6AD053DD28F8631A00F6FA93 /* LaunchScreen.storyboard */; };
		6AD053E728F8636800F6FA93 /* NotificationSheetViewController.swift in Sources */ = {isa = PBXBuildFile; fileRef = 6AD053E628F8636800F6FA93 /* NotificationSheetViewController.swift */; };
		6AD053EA28F8637900F6FA93 /* SnapKit in Frameworks */ = {isa = PBXBuildFile; productRef = 6AD053E928F8637900F6FA93 /* SnapKit */; };
		6AD053EC28F866A500F6FA93 /* UISheetPresentationController+Ext.swift in Sources */ = {isa = PBXBuildFile; fileRef = 6AD053EB28F866A500F6FA93 /* UISheetPresentationController+Ext.swift */; };
		6AD053EF28F956E900F6FA93 /* UIView+Ext.swift in Sources */ = {isa = PBXBuildFile; fileRef = 6AD053EE28F956E900F6FA93 /* UIView+Ext.swift */; };
		6AD053F128F9578800F6FA93 /* CALayer+Ext.swift in Sources */ = {isa = PBXBuildFile; fileRef = 6AD053F028F9578800F6FA93 /* CALayer+Ext.swift */; };
		6AD053F328F9599C00F6FA93 /* UIColor+Ext.swift in Sources */ = {isa = PBXBuildFile; fileRef = 6AD053F228F9599C00F6FA93 /* UIColor+Ext.swift */; };
/* End PBXBuildFile section */

/* Begin PBXFileReference section */
		6A2FB83E28F9A3CA00F68B3C /* SF-Pro.ttf */ = {isa = PBXFileReference; lastKnownFileType = file; path = "SF-Pro.ttf"; sourceTree = "<group>"; };
		6A2FB84028F9A52700F68B3C /* README.md */ = {isa = PBXFileReference; lastKnownFileType = net.daringfireball.markdown; path = README.md; sourceTree = "<group>"; };
		6A8FAB5B28F97B2300BFDCF4 /* UILabel+Ext.swift */ = {isa = PBXFileReference; lastKnownFileType = sourcecode.swift; path = "UILabel+Ext.swift"; sourceTree = "<group>"; };
		6A8FAB5E28F97D1500BFDCF4 /* Inter-VariableFont_slnt,wght.ttf */ = {isa = PBXFileReference; lastKnownFileType = file; path = "Inter-VariableFont_slnt,wght.ttf"; sourceTree = "<group>"; };
		6A8FAB6028F97F5600BFDCF4 /* UIFont+Ext.swift */ = {isa = PBXFileReference; lastKnownFileType = sourcecode.swift; path = "UIFont+Ext.swift"; sourceTree = "<group>"; };
		6AD053CF28F8631900F6FA93 /* AutoLayoutChallenge_2.app */ = {isa = PBXFileReference; explicitFileType = wrapper.application; includeInIndex = 0; path = AutoLayoutChallenge_2.app; sourceTree = BUILT_PRODUCTS_DIR; };
		6AD053D228F8631900F6FA93 /* AppDelegate.swift */ = {isa = PBXFileReference; lastKnownFileType = sourcecode.swift; path = AppDelegate.swift; sourceTree = "<group>"; };
		6AD053D428F8631900F6FA93 /* SceneDelegate.swift */ = {isa = PBXFileReference; lastKnownFileType = sourcecode.swift; path = SceneDelegate.swift; sourceTree = "<group>"; };
		6AD053D628F8631900F6FA93 /* ViewController.swift */ = {isa = PBXFileReference; lastKnownFileType = sourcecode.swift; path = ViewController.swift; sourceTree = "<group>"; };
		6AD053DB28F8631A00F6FA93 /* Assets.xcassets */ = {isa = PBXFileReference; lastKnownFileType = folder.assetcatalog; path = Assets.xcassets; sourceTree = "<group>"; };
		6AD053DE28F8631A00F6FA93 /* Base */ = {isa = PBXFileReference; lastKnownFileType = file.storyboard; name = Base; path = Base.lproj/LaunchScreen.storyboard; sourceTree = "<group>"; };
		6AD053E028F8631A00F6FA93 /* Info.plist */ = {isa = PBXFileReference; lastKnownFileType = text.plist.xml; path = Info.plist; sourceTree = "<group>"; };
		6AD053E628F8636800F6FA93 /* NotificationSheetViewController.swift */ = {isa = PBXFileReference; lastKnownFileType = sourcecode.swift; path = NotificationSheetViewController.swift; sourceTree = "<group>"; };
		6AD053EB28F866A500F6FA93 /* UISheetPresentationController+Ext.swift */ = {isa = PBXFileReference; lastKnownFileType = sourcecode.swift; path = "UISheetPresentationController+Ext.swift"; sourceTree = "<group>"; };
		6AD053EE28F956E900F6FA93 /* UIView+Ext.swift */ = {isa = PBXFileReference; lastKnownFileType = sourcecode.swift; path = "UIView+Ext.swift"; sourceTree = "<group>"; };
		6AD053F028F9578800F6FA93 /* CALayer+Ext.swift */ = {isa = PBXFileReference; lastKnownFileType = sourcecode.swift; path = "CALayer+Ext.swift"; sourceTree = "<group>"; };
		6AD053F228F9599C00F6FA93 /* UIColor+Ext.swift */ = {isa = PBXFileReference; lastKnownFileType = sourcecode.swift; path = "UIColor+Ext.swift"; sourceTree = "<group>"; };
/* End PBXFileReference section */

/* Begin PBXFrameworksBuildPhase section */
		6AD053CC28F8631900F6FA93 /* Frameworks */ = {
			isa = PBXFrameworksBuildPhase;
			buildActionMask = 2147483647;
			files = (
				6AD053EA28F8637900F6FA93 /* SnapKit in Frameworks */,
			);
			runOnlyForDeploymentPostprocessing = 0;
		};
/* End PBXFrameworksBuildPhase section */

/* Begin PBXGroup section */
		6A8FAB5D28F97CCA00BFDCF4 /* Font */ = {
			isa = PBXGroup;
			children = (
				6A8FAB5E28F97D1500BFDCF4 /* Inter-VariableFont_slnt,wght.ttf */,
				6A2FB83E28F9A3CA00F68B3C /* SF-Pro.ttf */,
			);
			path = Font;
			sourceTree = "<group>";
		};
		6AD053C628F8631900F6FA93 = {
			isa = PBXGroup;
			children = (
				6A2FB84028F9A52700F68B3C /* README.md */,
				6AD053D128F8631900F6FA93 /* AutoLayoutChallenge_2 */,
				6AD053D028F8631900F6FA93 /* Products */,
			);
			sourceTree = "<group>";
		};
		6AD053D028F8631900F6FA93 /* Products */ = {
			isa = PBXGroup;
			children = (
				6AD053CF28F8631900F6FA93 /* AutoLayoutChallenge_2.app */,
			);
			name = Products;
			sourceTree = "<group>";
		};
		6AD053D128F8631900F6FA93 /* AutoLayoutChallenge_2 */ = {
			isa = PBXGroup;
			children = (
				6A8FAB5D28F97CCA00BFDCF4 /* Font */,
				6AD053D228F8631900F6FA93 /* AppDelegate.swift */,
				6AD053D428F8631900F6FA93 /* SceneDelegate.swift */,
				6AD053F428F95A0400F6FA93 /* Controllers */,
				6AD053ED28F956DA00F6FA93 /* Ext */,
				6AD053DB28F8631A00F6FA93 /* Assets.xcassets */,
				6AD053DD28F8631A00F6FA93 /* LaunchScreen.storyboard */,
				6AD053E028F8631A00F6FA93 /* Info.plist */,
			);
			path = AutoLayoutChallenge_2;
			sourceTree = "<group>";
		};
		6AD053ED28F956DA00F6FA93 /* Ext */ = {
			isa = PBXGroup;
			children = (
				6AD053EE28F956E900F6FA93 /* UIView+Ext.swift */,
				6AD053F028F9578800F6FA93 /* CALayer+Ext.swift */,
				6AD053F228F9599C00F6FA93 /* UIColor+Ext.swift */,
				6AD053EB28F866A500F6FA93 /* UISheetPresentationController+Ext.swift */,
				6A8FAB5B28F97B2300BFDCF4 /* UILabel+Ext.swift */,
				6A8FAB6028F97F5600BFDCF4 /* UIFont+Ext.swift */,
			);
			path = Ext;
			sourceTree = "<group>";
		};
		6AD053F428F95A0400F6FA93 /* Controllers */ = {
			isa = PBXGroup;
			children = (
				6AD053D628F8631900F6FA93 /* ViewController.swift */,
				6AD053E628F8636800F6FA93 /* NotificationSheetViewController.swift */,
			);
			path = Controllers;
			sourceTree = "<group>";
		};
/* End PBXGroup section */

/* Begin PBXNativeTarget section */
		6AD053CE28F8631900F6FA93 /* AutoLayoutChallenge_2 */ = {
			isa = PBXNativeTarget;
			buildConfigurationList = 6AD053E328F8631A00F6FA93 /* Build configuration list for PBXNativeTarget "AutoLayoutChallenge_2" */;
			buildPhases = (
				6AD053CB28F8631900F6FA93 /* Sources */,
				6AD053CC28F8631900F6FA93 /* Frameworks */,
				6AD053CD28F8631900F6FA93 /* Resources */,
			);
			buildRules = (
			);
			dependencies = (
			);
			name = AutoLayoutChallenge_2;
			packageProductDependencies = (
				6AD053E928F8637900F6FA93 /* SnapKit */,
			);
			productName = AutoLayoutChallenge_2;
			productReference = 6AD053CF28F8631900F6FA93 /* AutoLayoutChallenge_2.app */;
			productType = "com.apple.product-type.application";
		};
/* End PBXNativeTarget section */

/* Begin PBXProject section */
		6AD053C728F8631900F6FA93 /* Project object */ = {
			isa = PBXProject;
			attributes = {
				BuildIndependentTargetsInParallel = 1;
				LastSwiftUpdateCheck = 1400;
				LastUpgradeCheck = 1400;
				TargetAttributes = {
					6AD053CE28F8631900F6FA93 = {
						CreatedOnToolsVersion = 14.0.1;
					};
				};
			};
			buildConfigurationList = 6AD053CA28F8631900F6FA93 /* Build configuration list for PBXProject "AutoLayoutChallenge_2" */;
			compatibilityVersion = "Xcode 14.0";
			developmentRegion = en;
			hasScannedForEncodings = 0;
			knownRegions = (
				en,
				Base,
			);
			mainGroup = 6AD053C628F8631900F6FA93;
			packageReferences = (
				6AD053E828F8637900F6FA93 /* XCRemoteSwiftPackageReference "SnapKit" */,
			);
			productRefGroup = 6AD053D028F8631900F6FA93 /* Products */;
			projectDirPath = "";
			projectRoot = "";
			targets = (
				6AD053CE28F8631900F6FA93 /* AutoLayoutChallenge_2 */,
			);
		};
/* End PBXProject section */

/* Begin PBXResourcesBuildPhase section */
		6AD053CD28F8631900F6FA93 /* Resources */ = {
			isa = PBXResourcesBuildPhase;
			buildActionMask = 2147483647;
			files = (
				6AD053DF28F8631A00F6FA93 /* LaunchScreen.storyboard in Resources */,
				6A2FB83F28F9A3CA00F68B3C /* SF-Pro.ttf in Resources */,
				6A2FB84128F9A52700F68B3C /* README.md in Resources */,
				6A8FAB5F28F97D1500BFDCF4 /* Inter-VariableFont_slnt,wght.ttf in Resources */,
				6AD053DC28F8631A00F6FA93 /* Assets.xcassets in Resources */,
			);
			runOnlyForDeploymentPostprocessing = 0;
		};
/* End PBXResourcesBuildPhase section */

/* Begin PBXSourcesBuildPhase section */
		6AD053CB28F8631900F6FA93 /* Sources */ = {
			isa = PBXSourcesBuildPhase;
			buildActionMask = 2147483647;
			files = (
				6AD053F128F9578800F6FA93 /* CALayer+Ext.swift in Sources */,
				6A8FAB5C28F97B2300BFDCF4 /* UILabel+Ext.swift in Sources */,
				6AD053EC28F866A500F6FA93 /* UISheetPresentationController+Ext.swift in Sources */,
				6AD053D728F8631900F6FA93 /* ViewController.swift in Sources */,
				6A8FAB6128F97F5600BFDCF4 /* UIFont+Ext.swift in Sources */,
				6AD053EF28F956E900F6FA93 /* UIView+Ext.swift in Sources */,
				6AD053D328F8631900F6FA93 /* AppDelegate.swift in Sources */,
				6AD053F328F9599C00F6FA93 /* UIColor+Ext.swift in Sources */,
				6AD053D528F8631900F6FA93 /* SceneDelegate.swift in Sources */,
				6AD053E728F8636800F6FA93 /* NotificationSheetViewController.swift in Sources */,
			);
			runOnlyForDeploymentPostprocessing = 0;
		};
/* End PBXSourcesBuildPhase section */

/* Begin PBXVariantGroup section */
		6AD053DD28F8631A00F6FA93 /* LaunchScreen.storyboard */ = {
			isa = PBXVariantGroup;
			children = (
				6AD053DE28F8631A00F6FA93 /* Base */,
			);
			name = LaunchScreen.storyboard;
			sourceTree = "<group>";
		};
/* End PBXVariantGroup section */

/* Begin XCBuildConfiguration section */
		6AD053E128F8631A00F6FA93 /* Debug */ = {
			isa = XCBuildConfiguration;
			buildSettings = {
				ALWAYS_SEARCH_USER_PATHS = NO;
				CLANG_ANALYZER_NONNULL = YES;
				CLANG_ANALYZER_NUMBER_OBJECT_CONVERSION = YES_AGGRESSIVE;
				CLANG_CXX_LANGUAGE_STANDARD = "gnu++20";
				CLANG_ENABLE_MODULES = YES;
				CLANG_ENABLE_OBJC_ARC = YES;
				CLANG_ENABLE_OBJC_WEAK = YES;
				CLANG_WARN_BLOCK_CAPTURE_AUTORELEASING = YES;
				CLANG_WARN_BOOL_CONVERSION = YES;
				CLANG_WARN_COMMA = YES;
				CLANG_WARN_CONSTANT_CONVERSION = YES;
				CLANG_WARN_DEPRECATED_OBJC_IMPLEMENTATIONS = YES;
				CLANG_WARN_DIRECT_OBJC_ISA_USAGE = YES_ERROR;
				CLANG_WARN_DOCUMENTATION_COMMENTS = YES;
				CLANG_WARN_EMPTY_BODY = YES;
				CLANG_WARN_ENUM_CONVERSION = YES;
				CLANG_WARN_INFINITE_RECURSION = YES;
				CLANG_WARN_INT_CONVERSION = YES;
				CLANG_WARN_NON_LITERAL_NULL_CONVERSION = YES;
				CLANG_WARN_OBJC_IMPLICIT_RETAIN_SELF = YES;
				CLANG_WARN_OBJC_LITERAL_CONVERSION = YES;
				CLANG_WARN_OBJC_ROOT_CLASS = YES_ERROR;
				CLANG_WARN_QUOTED_INCLUDE_IN_FRAMEWORK_HEADER = YES;
				CLANG_WARN_RANGE_LOOP_ANALYSIS = YES;
				CLANG_WARN_STRICT_PROTOTYPES = YES;
				CLANG_WARN_SUSPICIOUS_MOVE = YES;
				CLANG_WARN_UNGUARDED_AVAILABILITY = YES_AGGRESSIVE;
				CLANG_WARN_UNREACHABLE_CODE = YES;
				CLANG_WARN__DUPLICATE_METHOD_MATCH = YES;
				COPY_PHASE_STRIP = NO;
				DEBUG_INFORMATION_FORMAT = dwarf;
				ENABLE_STRICT_OBJC_MSGSEND = YES;
				ENABLE_TESTABILITY = YES;
				GCC_C_LANGUAGE_STANDARD = gnu11;
				GCC_DYNAMIC_NO_PIC = NO;
				GCC_NO_COMMON_BLOCKS = YES;
				GCC_OPTIMIZATION_LEVEL = 0;
				GCC_PREPROCESSOR_DEFINITIONS = (
					"DEBUG=1",
					"$(inherited)",
				);
				GCC_WARN_64_TO_32_BIT_CONVERSION = YES;
				GCC_WARN_ABOUT_RETURN_TYPE = YES_ERROR;
				GCC_WARN_UNDECLARED_SELECTOR = YES;
				GCC_WARN_UNINITIALIZED_AUTOS = YES_AGGRESSIVE;
				GCC_WARN_UNUSED_FUNCTION = YES;
				GCC_WARN_UNUSED_VARIABLE = YES;
				IPHONEOS_DEPLOYMENT_TARGET = 16.0;
				MTL_ENABLE_DEBUG_INFO = INCLUDE_SOURCE;
				MTL_FAST_MATH = YES;
				ONLY_ACTIVE_ARCH = YES;
				SDKROOT = iphoneos;
				SWIFT_ACTIVE_COMPILATION_CONDITIONS = DEBUG;
				SWIFT_OPTIMIZATION_LEVEL = "-Onone";
			};
			name = Debug;
		};
		6AD053E228F8631A00F6FA93 /* Release */ = {
			isa = XCBuildConfiguration;
			buildSettings = {
				ALWAYS_SEARCH_USER_PATHS = NO;
				CLANG_ANALYZER_NONNULL = YES;
				CLANG_ANALYZER_NUMBER_OBJECT_CONVERSION = YES_AGGRESSIVE;
				CLANG_CXX_LANGUAGE_STANDARD = "gnu++20";
				CLANG_ENABLE_MODULES = YES;
				CLANG_ENABLE_OBJC_ARC = YES;
				CLANG_ENABLE_OBJC_WEAK = YES;
				CLANG_WARN_BLOCK_CAPTURE_AUTORELEASING = YES;
				CLANG_WARN_BOOL_CONVERSION = YES;
				CLANG_WARN_COMMA = YES;
				CLANG_WARN_CONSTANT_CONVERSION = YES;
				CLANG_WARN_DEPRECATED_OBJC_IMPLEMENTATIONS = YES;
				CLANG_WARN_DIRECT_OBJC_ISA_USAGE = YES_ERROR;
				CLANG_WARN_DOCUMENTATION_COMMENTS = YES;
				CLANG_WARN_EMPTY_BODY = YES;
				CLANG_WARN_ENUM_CONVERSION = YES;
				CLANG_WARN_INFINITE_RECURSION = YES;
				CLANG_WARN_INT_CONVERSION = YES;
				CLANG_WARN_NON_LITERAL_NULL_CONVERSION = YES;
				CLANG_WARN_OBJC_IMPLICIT_RETAIN_SELF = YES;
				CLANG_WARN_OBJC_LITERAL_CONVERSION = YES;
				CLANG_WARN_OBJC_ROOT_CLASS = YES_ERROR;
				CLANG_WARN_QUOTED_INCLUDE_IN_FRAMEWORK_HEADER = YES;
				CLANG_WARN_RANGE_LOOP_ANALYSIS = YES;
				CLANG_WARN_STRICT_PROTOTYPES = YES;
				CLANG_WARN_SUSPICIOUS_MOVE = YES;
				CLANG_WARN_UNGUARDED_AVAILABILITY = YES_AGGRESSIVE;
				CLANG_WARN_UNREACHABLE_CODE = YES;
				CLANG_WARN__DUPLICATE_METHOD_MATCH = YES;
				COPY_PHASE_STRIP = NO;
				DEBUG_INFORMATION_FORMAT = "dwarf-with-dsym";
				ENABLE_NS_ASSERTIONS = NO;
				ENABLE_STRICT_OBJC_MSGSEND = YES;
				GCC_C_LANGUAGE_STANDARD = gnu11;
				GCC_NO_COMMON_BLOCKS = YES;
				GCC_WARN_64_TO_32_BIT_CONVERSION = YES;
				GCC_WARN_ABOUT_RETURN_TYPE = YES_ERROR;
				GCC_WARN_UNDECLARED_SELECTOR = YES;
				GCC_WARN_UNINITIALIZED_AUTOS = YES_AGGRESSIVE;
				GCC_WARN_UNUSED_FUNCTION = YES;
				GCC_WARN_UNUSED_VARIABLE = YES;
				IPHONEOS_DEPLOYMENT_TARGET = 16.0;
				MTL_ENABLE_DEBUG_INFO = NO;
				MTL_FAST_MATH = YES;
				SDKROOT = iphoneos;
				SWIFT_COMPILATION_MODE = wholemodule;
				SWIFT_OPTIMIZATION_LEVEL = "-O";
				VALIDATE_PRODUCT = YES;
			};
			name = Release;
		};
		6AD053E428F8631A00F6FA93 /* Debug */ = {
			isa = XCBuildConfiguration;
			buildSettings = {
				ASSETCATALOG_COMPILER_APPICON_NAME = AppIcon;
				ASSETCATALOG_COMPILER_GLOBAL_ACCENT_COLOR_NAME = AccentColor;
				CODE_SIGN_STYLE = Automatic;
				CURRENT_PROJECT_VERSION = 1;
				DEVELOPMENT_TEAM = 34JS69S5XZ;
				GENERATE_INFOPLIST_FILE = YES;
				INFOPLIST_FILE = AutoLayoutChallenge_2/Info.plist;
				INFOPLIST_KEY_UIApplicationSupportsIndirectInputEvents = YES;
				INFOPLIST_KEY_UILaunchStoryboardName = LaunchScreen;
				INFOPLIST_KEY_UISupportedInterfaceOrientations_iPad = "UIInterfaceOrientationPortrait UIInterfaceOrientationPortraitUpsideDown UIInterfaceOrientationLandscapeLeft UIInterfaceOrientationLandscapeRight";
				INFOPLIST_KEY_UISupportedInterfaceOrientations_iPhone = "UIInterfaceOrientationPortrait UIInterfaceOrientationLandscapeLeft UIInterfaceOrientationLandscapeRight";
				LD_RUNPATH_SEARCH_PATHS = (
					"$(inherited)",
					"@executable_path/Frameworks",
				);
				MARKETING_VERSION = 1.0;
				PRODUCT_BUNDLE_IDENTIFIER = "ekko.AutoLayoutChallenge-2";
				PRODUCT_NAME = "$(TARGET_NAME)";
				SWIFT_EMIT_LOC_STRINGS = YES;
				SWIFT_VERSION = 5.0;
				TARGETED_DEVICE_FAMILY = "1,2";
			};
			name = Debug;
		};
		6AD053E528F8631A00F6FA93 /* Release */ = {
			isa = XCBuildConfiguration;
			buildSettings = {
				ASSETCATALOG_COMPILER_APPICON_NAME = AppIcon;
				ASSETCATALOG_COMPILER_GLOBAL_ACCENT_COLOR_NAME = AccentColor;
				CODE_SIGN_STYLE = Automatic;
				CURRENT_PROJECT_VERSION = 1;
				DEVELOPMENT_TEAM = 34JS69S5XZ;
				GENERATE_INFOPLIST_FILE = YES;
				INFOPLIST_FILE = AutoLayoutChallenge_2/Info.plist;
				INFOPLIST_KEY_UIApplicationSupportsIndirectInputEvents = YES;
				INFOPLIST_KEY_UILaunchStoryboardName = LaunchScreen;
				INFOPLIST_KEY_UISupportedInterfaceOrientations_iPad = "UIInterfaceOrientationPortrait UIInterfaceOrientationPortraitUpsideDown UIInterfaceOrientationLandscapeLeft UIInterfaceOrientationLandscapeRight";
				INFOPLIST_KEY_UISupportedInterfaceOrientations_iPhone = "UIInterfaceOrientationPortrait UIInterfaceOrientationLandscapeLeft UIInterfaceOrientationLandscapeRight";
				LD_RUNPATH_SEARCH_PATHS = (
					"$(inherited)",
					"@executable_path/Frameworks",
				);
				MARKETING_VERSION = 1.0;
				PRODUCT_BUNDLE_IDENTIFIER = "ekko.AutoLayoutChallenge-2";
				PRODUCT_NAME = "$(TARGET_NAME)";
				SWIFT_EMIT_LOC_STRINGS = YES;
				SWIFT_VERSION = 5.0;
				TARGETED_DEVICE_FAMILY = "1,2";
			};
			name = Release;
		};
/* End XCBuildConfiguration section */

/* Begin XCConfigurationList section */
		6AD053CA28F8631900F6FA93 /* Build configuration list for PBXProject "AutoLayoutChallenge_2" */ = {
			isa = XCConfigurationList;
			buildConfigurations = (
				6AD053E128F8631A00F6FA93 /* Debug */,
				6AD053E228F8631A00F6FA93 /* Release */,
			);
			defaultConfigurationIsVisible = 0;
			defaultConfigurationName = Release;
		};
		6AD053E328F8631A00F6FA93 /* Build configuration list for PBXNativeTarget "AutoLayoutChallenge_2" */ = {
			isa = XCConfigurationList;
			buildConfigurations = (
				6AD053E428F8631A00F6FA93 /* Debug */,
				6AD053E528F8631A00F6FA93 /* Release */,
			);
			defaultConfigurationIsVisible = 0;
			defaultConfigurationName = Release;
		};
/* End XCConfigurationList section */

/* Begin XCRemoteSwiftPackageReference section */
		6AD053E828F8637900F6FA93 /* XCRemoteSwiftPackageReference "SnapKit" */ = {
			isa = XCRemoteSwiftPackageReference;
			repositoryURL = "https://github.com/SnapKit/SnapKit";
			requirement = {
				branch = develop;
				kind = branch;
			};
		};
/* End XCRemoteSwiftPackageReference section */

/* Begin XCSwiftPackageProductDependency section */
		6AD053E928F8637900F6FA93 /* SnapKit */ = {
			isa = XCSwiftPackageProductDependency;
			package = 6AD053E828F8637900F6FA93 /* XCRemoteSwiftPackageReference "SnapKit" */;
			productName = SnapKit;
		};
/* End XCSwiftPackageProductDependency section */
	};
	rootObject = 6AD053C728F8631900F6FA93 /* Project object */;
}
